
Microsoft Visual Studio Solution File, Format Version 12.00
# Visual Studio Version 17
VisualStudioVersion = 17.14.37216.2
MinimumVisualStudioVersion = 10.0.40219.1
Project("{FAE04EC0-301F-11D3-BF4B-00C04F79EFBC}") = "MessageTest", "MessageTest\MessageTest.csproj", "{DAF8251C-C20E-4DA9-A2EB-89F30867A7B6}"
EndProject
Project("{00D1A9C2-B5F0-4AF3-8072-F6C62B433612}") = "MessageTest.Database", "MessageTest.Database\MessageTest.Database.sqlproj", "{CAB1C4C1-5A23-45C8-A1A0-FBBF5B119613}"
EndProject
Project("{FAE04EC0-301F-11D3-BF4B-00C04F79EFBC}") = "MessageTest.Domain", "MessageTest.Domain\MessageTest.Domain.csproj", "{5EFEA6BB-FC7D-4033-BD48-421277E107FD}"
EndProject
Project("{FAE04EC0-301F-11D3-BF4B-00C04F79EFBC}") = "MessageTest.Persistent", "MessageTest.Persistent\MessageTest.Persistent.csproj", "{AD300D17-854C-419B-980D-6424240DE58F}"
EndProject
Project("{FAE04EC0-301F-11D3-BF4B-00C04F79EFBC}") = "MessageTest.Tests", "MessageTest.Tests\MessageTest.Tests.csproj", "{19010275-7B16-46EA-880C-77BA1A424C75}"
EndProject
Project("{FAE04EC0-301F-11D3-BF4B-00C04F79EFBC}") = "MessageTest.Persistent.Tests", "MessageTest.Persistent.Tests\MessageTest.Persistent.Tests.csproj", "{155B5723-69DD-43F5-AB2D-C69AA89B9A06}"
EndProject
Global
	GlobalSection(SolutionConfigurationPlatforms) = preSolution
		Debug|Any CPU = Debug|Any CPU
		Release|Any CPU = Release|Any CPU
	EndGlobalSection
	GlobalSection(ProjectConfigurationPlatforms) = postSolution
		{DAF8251C-C20E-4DA9-A2EB-89F30867A7B6}.Debug|Any CPU.ActiveCfg = Debug|Any CPU
		{DAF8251C-C20E-4DA9-A2EB-89F30867A7B6}.Debug|Any CPU.Build.0 = Debug|Any CPU
		{DAF8251C-C20E-4DA9-A2EB-89F30867A7B6}.Release|Any CPU.ActiveCfg = Release|Any CPU
		{DAF8251C-C20E-4DA9-A2EB-89F30867A7B6}.Release|Any CPU.Build.0 = Release|Any CPU
		{CAB1C4C1-5A23-45C8-A1A0-FBBF5B119613}.Debug|Any CPU.ActiveCfg = Debug|Any CPU
		{CAB1C4C1-5A23-45C8-A1A0-FBBF5B119613}.Debug|Any CPU.Build.0 = Debug|Any CPU
		{CAB1C4C1-5A23-45C8-A1A0-FBBF5B119613}.Debug|Any CPU.Deploy.0 = Debug|Any CPU
		{CAB1C4C1-5A23-45C8-A1A0-FBBF5B119613}.Release|Any CPU.ActiveCfg = Release|Any CPU
		{CAB1C4C1-5A23-45C8-A1A0-FBBF5B119613}.Release|Any CPU.Build.0 = Release|Any CPU
		{CAB1C4C1-5A23-45C8-A1A0-FBBF5B119613}.Release|Any CPU.Deploy.0 = Release|Any CPU
		{5EFEA6BB-FC7D-4033-BD48-421277E107FD}.Debug|Any CPU.ActiveCfg = Debug|Any CPU
		{5EFEA6BB-FC7D-4033-BD48-421277E107FD}.Debug|Any CPU.Build.0 = Debug|Any CPU
		{5EFEA6BB-FC7D-4033-BD48-421277E107FD}.Release|Any CPU.ActiveCfg = Release|Any CPU
		{5EFEA6BB-FC7D-4033-BD48-421277E107FD}.Release|Any CPU.Build.0 = Release|Any CPU
		{AD300D17-854C-419B-980D-6424240DE58F}.Debug|Any CPU.ActiveCfg = Debug|Any CPU
		{AD300D17-854C-419B-980D-6424240DE58F}.Debug|Any CPU.Build.0 = Debug|Any CPU
		{AD300D17-854C-419B-980D-6424240DE58F}.Release|Any CPU.ActiveCfg = Release|Any CPU
		{AD300D17-854C-419B-980D-6424240DE58F}.Release|Any CPU.Build.0 = Release|Any CPU
		{19010275-7B16-46EA-880C-77BA1A424C75}.Debug|Any CPU.ActiveCfg = Debug|Any CPU
		{19010275-7B16-46EA-880C-77BA1A424C75}.Debug|Any CPU.Build.0 = Debug|Any CPU
		{19010275-7B16-46EA-880C-77BA1A424C75}.Release|Any CPU.ActiveCfg = Release|Any CPU
		{19010275-7B16-46EA-880C-77BA1A424C75}.Release|Any CPU.Build.0 = Release|Any CPU
		{155B5723-69DD-43F5-AB2D-C69AA89B9A06}.Debug|Any CPU.ActiveCfg = Debug|Any CPU
		{155B5723-69DD-43F5-AB2D-C69AA89B9A06}.Debug|Any CPU.Build.0 = Debug|Any CPU
		{155B5723-69DD-43F5-AB2D-C69AA89B9A06}.Release|Any CPU.ActiveCfg = Release|Any CPU
		{155B5723-69DD-43F5-AB2D-C69AA89B9A06}.Release|Any CPU.Build.0 = Release|Any CPU
	EndGlobalSection
	GlobalSection(SolutionProperties) = preSolution
		HideSolutionNode = FALSE
	EndGlobalSection
	GlobalSection(ExtensibilityGlobals) = postSolution
		SolutionGuid = {439372C0-5513-44FA-BC98-032E3FCC9689}
	EndGlobalSection
EndGlobal
